
Microsoft Visual Studio Solution File, Format Version 12.00
Project("{FAE04EC0-301F-11D3-BF4B-00C04F79EFBC}") = "Notion-Madddas", "Notion-Madddas\Notion-Madddas.csproj", "{286B1DB4-4698-4DC7-B482-173DE830AD21}"
EndProject
Global
	GlobalSection(SolutionConfigurationPlatforms) = preSolution
		Debug|Any CPU = Debug|Any CPU
		Release|Any CPU = Release|Any CPU
	EndGlobalSection
	GlobalSection(ProjectConfigurationPlatforms) = postSolution
		{286B1DB4-4698-4DC7-B482-173DE830AD21}.Debug|Any CPU.ActiveCfg = Debug|Any CPU
		{286B1DB4-4698-4DC7-B482-173DE830AD21}.Debug|Any CPU.Build.0 = Debug|Any CPU
		{286B1DB4-4698-4DC7-B482-173DE830AD21}.Release|Any CPU.ActiveCfg = Release|Any CPU
		{286B1DB4-4698-4DC7-B482-173DE830AD21}.Release|Any CPU.Build.0 = Release|Any CPU
	EndGlobalSection
EndGlobal
